
Microsoft Visual Studio Solution File, Format Version 12.00
# Visual Studio Version 16
VisualStudioVersion = 16.0.29905.134
MinimumVisualStudioVersion = 10.0.40219.1
Project("{2150E333-8FDC-42A3-9474-1A3956D46DE8}") = "Application", "Application", "{2DF59AD2-201C-4D72-B6F9-77F6FD69ABA4}"
EndProject
Project("{2150E333-8FDC-42A3-9474-1A3956D46DE8}") = "Domain", "Domain", "{678AB506-D2C2-4BBC-A808-6D6F449383EE}"
EndProject
Project("{2150E333-8FDC-42A3-9474-1A3956D46DE8}") = "Presentation", "Presentation", "{38532337-A8DC-41B3-A90F-8860118FC372}"
EndProject
Project("{2150E333-8FDC-42A3-9474-1A3956D46DE8}") = "Infra.Data", "Infra.Data", "{065047BD-7B2C-4947-B42F-89036B9443B7}"
EndProject
Project("{2150E333-8FDC-42A3-9474-1A3956D46DE8}") = "Infra.IoC", "Infra.IoC", "{A8DD5A9D-F1FE-4C6E-A718-2C2F8709CCD9}"
EndProject
Project("{9A19103F-16F7-4668-BE54-9A1E7A4F7556}") = "CleanArchitecture.MVC", "MVC\CleanArchitecture.MVC.csproj", "{233BD190-4C39-44C8-9C74-4E5EEECA3E54}"
EndProject
Project("{9A19103F-16F7-4668-BE54-9A1E7A4F7556}") = "CleanArchitecture.Domain", "CleanArchitecture.Domain\CleanArchitecture.Domain.csproj", "{4189CC3E-E2E5-4A1B-B86B-52B0FB2626A0}"
EndProject
Project("{9A19103F-16F7-4668-BE54-9A1E7A4F7556}") = "CleanArchitecture.Infra.Data", "CleanArchitecture.Infra.Data\CleanArchitecture.Infra.Data.csproj", "{F634554A-F006-43BF-A06C-8AC3B49189BB}"
EndProject
Project("{9A19103F-16F7-4668-BE54-9A1E7A4F7556}") = "CleanArchitecture.Application", "CleanArchitecture.Application\CleanArchitecture.Application.csproj", "{14DA531A-D7B7-4CBB-A3B3-0560201B6E83}"
EndProject
Project("{9A19103F-16F7-4668-BE54-9A1E7A4F7556}") = "CleanArchitecture.Infra.IoC", "CleanArchitecture.Infra.IoC\CleanArchitecture.Infra.IoC.csproj", "{DA06177A-EDC7-441A-A6BB-0F6E20FEB3F5}"
EndProject
Project("{2150E333-8FDC-42A3-9474-1A3956D46DE8}") = "Infra.Bus", "Infra.Bus", "{AF9B10A9-2744-4808-A120-9AB080B3B5C4}"
EndProject
Project("{2150E333-8FDC-42A3-9474-1A3956D46DE8}") = "API", "API", "{A61FE10A-6401-409F-B125-594090402C92}"
EndProject
Project("{FAE04EC0-301F-11D3-BF4B-00C04F79EFBC}") = "CleanArchitecture.Infra.Bus", "CleanArchitecture.Infra.Bus\CleanArchitecture.Infra.Bus.csproj", "{672EB742-583C-4FE5-9778-38AD469989DB}"
EndProject
Project("{FAE04EC0-301F-11D3-BF4B-00C04F79EFBC}") = "CleanArchitecture.Domain.Core", "CleanArchitecture.Domain.Core\CleanArchitecture.Domain.Core.csproj", "{D4BBA626-A2C1-455C-A95F-C946A24B1FA7}"
EndProject
Global
	GlobalSection(SolutionConfigurationPlatforms) = preSolution
		Debug|Any CPU = Debug|Any CPU
		Release|Any CPU = Release|Any CPU
	EndGlobalSection
	GlobalSection(ProjectConfigurationPlatforms) = postSolution
		{233BD190-4C39-44C8-9C74-4E5EEECA3E54}.Debug|Any CPU.ActiveCfg = Debug|Any CPU
		{233BD190-4C39-44C8-9C74-4E5EEECA3E54}.Debug|Any CPU.Build.0 = Debug|Any CPU
		{233BD190-4C39-44C8-9C74-4E5EEECA3E54}.Release|Any CPU.ActiveCfg = Release|Any CPU
		{233BD190-4C39-44C8-9C74-4E5EEECA3E54}.Release|Any CPU.Build.0 = Release|Any CPU
		{4189CC3E-E2E5-4A1B-B86B-52B0FB2626A0}.Debug|Any CPU.ActiveCfg = Debug|Any CPU
		{4189CC3E-E2E5-4A1B-B86B-52B0FB2626A0}.Debug|Any CPU.Build.0 = Debug|Any CPU
		{4189CC3E-E2E5-4A1B-B86B-52B0FB2626A0}.Release|Any CPU.ActiveCfg = Release|Any CPU
		{4189CC3E-E2E5-4A1B-B86B-52B0FB2626A0}.Release|Any CPU.Build.0 = Release|Any CPU
		{F634554A-F006-43BF-A06C-8AC3B49189BB}.Debug|Any CPU.ActiveCfg = Debug|Any CPU
		{F634554A-F006-43BF-A06C-8AC3B49189BB}.Debug|Any CPU.Build.0 = Debug|Any CPU
		{F634554A-F006-43BF-A06C-8AC3B49189BB}.Release|Any CPU.ActiveCfg = Release|Any CPU
		{F634554A-F006-43BF-A06C-8AC3B49189BB}.Release|Any CPU.Build.0 = Release|Any CPU
		{14DA531A-D7B7-4CBB-A3B3-0560201B6E83}.Debug|Any CPU.ActiveCfg = Debug|Any CPU
		{14DA531A-D7B7-4CBB-A3B3-0560201B6E83}.Debug|Any CPU.Build.0 = Debug|Any CPU
		{14DA531A-D7B7-4CBB-A3B3-0560201B6E83}.Release|Any CPU.ActiveCfg = Release|Any CPU
		{14DA531A-D7B7-4CBB-A3B3-0560201B6E83}.Release|Any CPU.Build.0 = Release|Any CPU
		{DA06177A-EDC7-441A-A6BB-0F6E20FEB3F5}.Debug|Any CPU.ActiveCfg = Debug|Any CPU
		{DA06177A-EDC7-441A-A6BB-0F6E20FEB3F5}.Debug|Any CPU.Build.0 = Debug|Any CPU
		{DA06177A-EDC7-441A-A6BB-0F6E20FEB3F5}.Release|Any CPU.ActiveCfg = Release|Any CPU
		{DA06177A-EDC7-441A-A6BB-0F6E20FEB3F5}.Release|Any CPU.Build.0 = Release|Any CPU
		{672EB742-583C-4FE5-9778-38AD469989DB}.Debug|Any CPU.ActiveCfg = Debug|Any CPU
		{672EB742-583C-4FE5-9778-38AD469989DB}.Debug|Any CPU.Build.0 = Debug|Any CPU
		{672EB742-583C-4FE5-9778-38AD469989DB}.Release|Any CPU.ActiveCfg = Release|Any CPU
		{672EB742-583C-4FE5-9778-38AD469989DB}.Release|Any CPU.Build.0 = Release|Any CPU
		{D4BBA626-A2C1-455C-A95F-C946A24B1FA7}.Debug|Any CPU.ActiveCfg = Debug|Any CPU
		{D4BBA626-A2C1-455C-A95F-C946A24B1FA7}.Debug|Any CPU.Build.0 = Debug|Any CPU
		{D4BBA626-A2C1-455C-A95F-C946A24B1FA7}.Release|Any CPU.ActiveCfg = Release|Any CPU
		{D4BBA626-A2C1-455C-A95F-C946A24B1FA7}.Release|Any CPU.Build.0 = Release|Any CPU
	EndGlobalSection
	GlobalSection(SolutionProperties) = preSolution
		HideSolutionNode = FALSE
	EndGlobalSection
	GlobalSection(NestedProjects) = preSolution
		{233BD190-4C39-44C8-9C74-4E5EEECA3E54} = {38532337-A8DC-41B3-A90F-8860118FC372}
		{4189CC3E-E2E5-4A1B-B86B-52B0FB2626A0} = {678AB506-D2C2-4BBC-A808-6D6F449383EE}
		{F634554A-F006-43BF-A06C-8AC3B49189BB} = {065047BD-7B2C-4947-B42F-89036B9443B7}
		{14DA531A-D7B7-4CBB-A3B3-0560201B6E83} = {2DF59AD2-201C-4D72-B6F9-77F6FD69ABA4}
		{DA06177A-EDC7-441A-A6BB-0F6E20FEB3F5} = {A8DD5A9D-F1FE-4C6E-A718-2C2F8709CCD9}
		{672EB742-583C-4FE5-9778-38AD469989DB} = {AF9B10A9-2744-4808-A120-9AB080B3B5C4}
		{D4BBA626-A2C1-455C-A95F-C946A24B1FA7} = {678AB506-D2C2-4BBC-A808-6D6F449383EE}
	EndGlobalSection
	GlobalSection(ExtensibilityGlobals) = postSolution
		SolutionGuid = {D530CAD1-568B-46F6-8209-E53657E3D9A1}
	EndGlobalSection
EndGlobal
